
Microsoft Visual Studio Solution File, Format Version 12.00
# Visual Studio 2012
Project("{FAE04EC0-301F-11D3-BF4B-00C04F79EFBC}") = "ResetSafetyFault", "ResetSafetyFault\ResetSafetyFault.csproj", "{4CB9520C-50D0-46A7-969B-0CBD231DD081}"
EndProject
Project("{FAE04EC0-301F-11D3-BF4B-00C04F79EFBC}") = "FastBackup", "FastBackup\FastBackup.csproj", "{FD4B41A2-4428-431F-8F7E-A8B19C96CE61}"
EndProject
Project("{FAE04EC0-301F-11D3-BF4B-00C04F79EFBC}") = "ReadLogfile", "ReadLogFile\ReadLogfile.csproj", "{962B75A1-550C-4C4B-A7DF-0C9830E1CB20}"
EndProject
Global
	GlobalSection(SolutionConfigurationPlatforms) = preSolution
		Debug|Any CPU = Debug|Any CPU
		Release|Any CPU = Release|Any CPU
	EndGlobalSection
	GlobalSection(ProjectConfigurationPlatforms) = postSolution
		{4CB9520C-50D0-46A7-969B-0CBD231DD081}.Debug|Any CPU.ActiveCfg = Debug|Any CPU
		{4CB9520C-50D0-46A7-969B-0CBD231DD081}.Debug|Any CPU.Build.0 = Debug|Any CPU
		{4CB9520C-50D0-46A7-969B-0CBD231DD081}.Release|Any CPU.ActiveCfg = Release|Any CPU
		{4CB9520C-50D0-46A7-969B-0CBD231DD081}.Release|Any CPU.Build.0 = Release|Any CPU
		{FD4B41A2-4428-431F-8F7E-A8B19C96CE61}.Debug|Any CPU.ActiveCfg = Debug|Any CPU
		{FD4B41A2-4428-431F-8F7E-A8B19C96CE61}.Debug|Any CPU.Build.0 = Debug|Any CPU
		{FD4B41A2-4428-431F-8F7E-A8B19C96CE61}.Release|Any CPU.ActiveCfg = Release|Any CPU
		{FD4B41A2-4428-431F-8F7E-A8B19C96CE61}.Release|Any CPU.Build.0 = Release|Any CPU
		{962B75A1-550C-4C4B-A7DF-0C9830E1CB20}.Debug|Any CPU.ActiveCfg = Debug|Any CPU
		{962B75A1-550C-4C4B-A7DF-0C9830E1CB20}.Debug|Any CPU.Build.0 = Debug|Any CPU
		{962B75A1-550C-4C4B-A7DF-0C9830E1CB20}.Release|Any CPU.ActiveCfg = Release|Any CPU
		{962B75A1-550C-4C4B-A7DF-0C9830E1CB20}.Release|Any CPU.Build.0 = Release|Any CPU
	EndGlobalSection
	GlobalSection(SolutionProperties) = preSolution
		HideSolutionNode = FALSE
	EndGlobalSection
EndGlobal
